
Microsoft Visual Studio Solution File, Format Version 12.00
# Visual Studio 15
VisualStudioVersion = 15.0.26124.0
MinimumVisualStudioVersion = 15.0.26124.0
Project("{FAE04EC0-301F-11D3-BF4B-00C04F79EFBC}") = "ConsoleUI", "ConsoleUI\ConsoleUI.csproj", "{08E6F3C4-5E6A-41EF-95F8-66CD3C7A43F5}"
EndProject
Project("{FAE04EC0-301F-11D3-BF4B-00C04F79EFBC}") = "ExceptionsLibrary", "ExceptionsLibrary\ExceptionsLibrary.csproj", "{1B9CD5D1-18CF-4E6F-B37C-7006B11A2AAE}"
EndProject
Global
	GlobalSection(SolutionConfigurationPlatforms) = preSolution
		Debug|Any CPU = Debug|Any CPU
		Debug|x64 = Debug|x64
		Debug|x86 = Debug|x86
		Release|Any CPU = Release|Any CPU
		Release|x64 = Release|x64
		Release|x86 = Release|x86
	EndGlobalSection
	GlobalSection(SolutionProperties) = preSolution
		HideSolutionNode = FALSE
	EndGlobalSection
	GlobalSection(ProjectConfigurationPlatforms) = postSolution
		{08E6F3C4-5E6A-41EF-95F8-66CD3C7A43F5}.Debug|Any CPU.ActiveCfg = Debug|Any CPU
		{08E6F3C4-5E6A-41EF-95F8-66CD3C7A43F5}.Debug|Any CPU.Build.0 = Debug|Any CPU
		{08E6F3C4-5E6A-41EF-95F8-66CD3C7A43F5}.Debug|x64.ActiveCfg = Debug|Any CPU
		{08E6F3C4-5E6A-41EF-95F8-66CD3C7A43F5}.Debug|x64.Build.0 = Debug|Any CPU
		{08E6F3C4-5E6A-41EF-95F8-66CD3C7A43F5}.Debug|x86.ActiveCfg = Debug|Any CPU
		{08E6F3C4-5E6A-41EF-95F8-66CD3C7A43F5}.Debug|x86.Build.0 = Debug|Any CPU
		{08E6F3C4-5E6A-41EF-95F8-66CD3C7A43F5}.Release|Any CPU.ActiveCfg = Release|Any CPU
		{08E6F3C4-5E6A-41EF-95F8-66CD3C7A43F5}.Release|Any CPU.Build.0 = Release|Any CPU
		{08E6F3C4-5E6A-41EF-95F8-66CD3C7A43F5}.Release|x64.ActiveCfg = Release|Any CPU
		{08E6F3C4-5E6A-41EF-95F8-66CD3C7A43F5}.Release|x64.Build.0 = Release|Any CPU
		{08E6F3C4-5E6A-41EF-95F8-66CD3C7A43F5}.Release|x86.ActiveCfg = Release|Any CPU
		{08E6F3C4-5E6A-41EF-95F8-66CD3C7A43F5}.Release|x86.Build.0 = Release|Any CPU
		{1B9CD5D1-18CF-4E6F-B37C-7006B11A2AAE}.Debug|Any CPU.ActiveCfg = Debug|Any CPU
		{1B9CD5D1-18CF-4E6F-B37C-7006B11A2AAE}.Debug|Any CPU.Build.0 = Debug|Any CPU
		{1B9CD5D1-18CF-4E6F-B37C-7006B11A2AAE}.Debug|x64.ActiveCfg = Debug|Any CPU
		{1B9CD5D1-18CF-4E6F-B37C-7006B11A2AAE}.Debug|x64.Build.0 = Debug|Any CPU
		{1B9CD5D1-18CF-4E6F-B37C-7006B11A2AAE}.Debug|x86.ActiveCfg = Debug|Any CPU
		{1B9CD5D1-18CF-4E6F-B37C-7006B11A2AAE}.Debug|x86.Build.0 = Debug|Any CPU
		{1B9CD5D1-18CF-4E6F-B37C-7006B11A2AAE}.Release|Any CPU.ActiveCfg = Release|Any CPU
		{1B9CD5D1-18CF-4E6F-B37C-7006B11A2AAE}.Release|Any CPU.Build.0 = Release|Any CPU
		{1B9CD5D1-18CF-4E6F-B37C-7006B11A2AAE}.Release|x64.ActiveCfg = Release|Any CPU
		{1B9CD5D1-18CF-4E6F-B37C-7006B11A2AAE}.Release|x64.Build.0 = Release|Any CPU
		{1B9CD5D1-18CF-4E6F-B37C-7006B11A2AAE}.Release|x86.ActiveCfg = Release|Any CPU
		{1B9CD5D1-18CF-4E6F-B37C-7006B11A2AAE}.Release|x86.Build.0 = Release|Any CPU
	EndGlobalSection
EndGlobal
